{
  "object": {
    "pins": [
      {
        "package": "BottomSheet",
        "repositoryURL": "https://github.com/LucasMucGH/BottomSheet",
        "state": {
          "branch": "main",
          "revision": "173dbf9cf6e93778f15577709090bb5c49ce4019",
          "version": null
        }
      }
    ]
  },
  "version": 1
}
