{
  "object": {
    "pins": [
      {
        "package": "BottomSheet",
        "repositoryURL": "https://github.com/LucasMucGH/BottomSheet",
        "state": {
          "branch": "main",
          "revision": "4c9ef84552712e0117c37d4893270fdc28fb9288",
          "version": null
        }
      }
    ]
  },
  "version": 1
}
